Microsoft Visual Studio Solution File, Format Version 12.00
# Visual Studio 15
VisualStudioVersion = 15.0.27130.2024
MinimumVisualStudioVersion = 10.0.40219.1
Project("{8BC9CEB8-8B4A-11D0-8D11-00A0C91BC942}") = "OcrAutomatorLinux", "OcrAutomatorLinux\OcrAutomatorLinux.vcxproj", "{F95B37CF-A719-46CA-8879-B37AE473D7EA}"
EndProject
Project("{2150E333-8FDC-42A3-9474-1A3956D46DE8}") = "Solution Items", "Solution Items", "{EA140BF6-A107-4812-87AF-26832857466A}"
	ProjectSection(SolutionItems) = preProject
		CHANGELOG = CHANGELOG
		Deploy.sh = Deploy.sh
		CreatePackage.sh = CreatePackage.sh
		Dockerfile = Dockerfile
		README.md = README.md
	EndProjectSection
EndProject
Project("{8BC9CEB8-8B4A-11D0-8D11-00A0C91BC942}") = "OcrAutomator", "OcrAutomator\OcrAutomator.vcxitems", "{32737229-C448-4F08-BFCE-A59384283BBE}"
EndProject
Project("{8BC9CEB8-8B4A-11D0-8D11-00A0C91BC942}") = "OcrAutomatorWin32", "OcrAutomatorWin32\TesseractAutomatorWin32.vcxproj", "{7BD80A76-D531-44E1-9242-EB3B2C20EFAD}"
EndProject
Global
	GlobalSection(SharedMSBuildProjectFiles) = preSolution
		OcrAutomator\OcrAutomator.vcxitems*{32737229-c448-4f08-bfce-a59384283bbe}*SharedItemsImports = 9
		OcrAutomator\OcrAutomator.vcxitems*{7bd80a76-d531-44e1-9242-eb3b2c20efad}*SharedItemsImports = 4
		OcrAutomator\OcrAutomator.vcxitems*{f95b37cf-a719-46ca-8879-b37ae473d7ea}*SharedItemsImports = 4
	EndGlobalSection
	GlobalSection(SolutionConfigurationPlatforms) = preSolution
		Debug|ARM = Debug|ARM
		Debug|x64 = Debug|x64
		Debug|x86 = Debug|x86
		Release|ARM = Release|ARM
		Release|x64 = Release|x64
		Release|x86 = Release|x86
	EndGlobalSection
	GlobalSection(ProjectConfigurationPlatforms) = postSolution
		{F95B37CF-A719-46CA-8879-B37AE473D7EA}.Debug|ARM.ActiveCfg = Debug|ARM
		{F95B37CF-A719-46CA-8879-B37AE473D7EA}.Debug|ARM.Build.0 = Debug|ARM
		{F95B37CF-A719-46CA-8879-B37AE473D7EA}.Debug|x64.ActiveCfg = Debug|x64
		{F95B37CF-A719-46CA-8879-B37AE473D7EA}.Debug|x64.Build.0 = Debug|x64
		{F95B37CF-A719-46CA-8879-B37AE473D7EA}.Debug|x86.ActiveCfg = Debug|x86
		{F95B37CF-A719-46CA-8879-B37AE473D7EA}.Debug|x86.Build.0 = Debug|x86
		{F95B37CF-A719-46CA-8879-B37AE473D7EA}.Release|ARM.ActiveCfg = Release|ARM
		{F95B37CF-A719-46CA-8879-B37AE473D7EA}.Release|ARM.Build.0 = Release|ARM
		{F95B37CF-A719-46CA-8879-B37AE473D7EA}.Release|x64.ActiveCfg = Release|x64
		{F95B37CF-A719-46CA-8879-B37AE473D7EA}.Release|x64.Build.0 = Release|x64
		{F95B37CF-A719-46CA-8879-B37AE473D7EA}.Release|x86.ActiveCfg = Release|x86
		{F95B37CF-A719-46CA-8879-B37AE473D7EA}.Release|x86.Build.0 = Release|x86
		{7BD80A76-D531-44E1-9242-EB3B2C20EFAD}.Debug|ARM.ActiveCfg = Debug|Win32
		{7BD80A76-D531-44E1-9242-EB3B2C20EFAD}.Debug|x64.ActiveCfg = Debug|x64
		{7BD80A76-D531-44E1-9242-EB3B2C20EFAD}.Debug|x64.Build.0 = Debug|x64
		{7BD80A76-D531-44E1-9242-EB3B2C20EFAD}.Debug|x86.ActiveCfg = Debug|Win32
		{7BD80A76-D531-44E1-9242-EB3B2C20EFAD}.Debug|x86.Build.0 = Debug|Win32
		{7BD80A76-D531-44E1-9242-EB3B2C20EFAD}.Release|ARM.ActiveCfg = Release|Win32
		{7BD80A76-D531-44E1-9242-EB3B2C20EFAD}.Release|x64.ActiveCfg = Release|x64
		{7BD80A76-D531-44E1-9242-EB3B2C20EFAD}.Release|x64.Build.0 = Release|x64
		{7BD80A76-D531-44E1-9242-EB3B2C20EFAD}.Release|x86.ActiveCfg = Release|Win32
		{7BD80A76-D531-44E1-9242-EB3B2C20EFAD}.Release|x86.Build.0 = Release|Win32
	EndGlobalSection
	GlobalSection(SolutionProperties) = preSolution
		HideSolutionNode = FALSE
	EndGlobalSection
	GlobalSection(ExtensibilityGlobals) = postSolution
		SolutionGuid = {CF6DFC2B-B079-4EEE-9148-B71C25791684}
	EndGlobalSection
EndGlobal
