<?xml version="1.0" encoding="utf-8"?>
<Project ToolsVersion="4.0" xmlns="http://schemas.microsoft.com/developer/msbuild/2003">
  <ItemGroup>
    <ClCompile Include="Protobuf\Declare.pb.cc">
      <Filter>Proto</Filter>
    </ClCompile>
    <ClCompile Include="Protobuf\File.pb.cc">
      <Filter>Proto</Filter>
    </ClCompile>
    <ClCompile Include="Protobuf\NetworkInfo.pb.cc">
      <Filter>Proto</Filter>
    </ClCompile>
    <ClCompile Include="Protobuf\Status.pb.cc">
      <Filter>Proto</Filter>
    </ClCompile>
    <ClCompile Include="Protobuf\Broadcast.pb.cc">
      <Filter>Proto</Filter>
    </ClCompile>
    <ClCompile Include="Protobuf\Message_Master.pb.cc">
      <Filter>Proto</Filter>
    </ClCompile>
    <ClCompile Include="Protobuf\Message_Slave.pb.cc">
      <Filter>Proto</Filter>
    </ClCompile>
    <ClCompile Include="Protobuf\Result.pb.cc">
      <Filter>Proto</Filter>
    </ClCompile>
    <ClCompile Include="Protobuf\Synchro_Master.pb.cc">
      <Filter>Proto</Filter>
    </ClCompile>
    <ClCompile Include="Protobuf\Synchro_Slave.pb.cc">
      <Filter>Proto</Filter>
    </ClCompile>
    <ClCompile Include="NetworkClient.cpp">
      <Filter>Source Code\Slave</Filter>
    </ClCompile>
    <ClCompile Include="SlaveDisplay.cpp">
      <Filter>Source Code\Slave</Filter>
    </ClCompile>
    <ClCompile Include="Main.cpp">
      <Filter>Source Code</Filter>
    </ClCompile>
    <ClCompile Include="Display.cpp">
      <Filter>Source Code\Master</Filter>
    </ClCompile>
    <ClCompile Include="Network.cpp">
      <Filter>Source Code\Master</Filter>
    </ClCompile>
    <ClCompile Include="NetworkSession.cpp">
      <Filter>Source Code\Master</Filter>
    </ClCompile>
    <ClCompile Include="Error.cpp">
      <Filter>Source Code\Base</Filter>
    </ClCompile>
    <ClCompile Include="MasterProcessingWorker.cpp">
      <Filter>Source Code\Master</Filter>
    </ClCompile>
    <ClCompile Include="SlaveProcessingWorker.cpp">
      <Filter>Source Code\Slave</Filter>
    </ClCompile>
    <ClCompile Include="Tesseract.cpp">
      <Filter>Source Code\Ocr\Tesseract</Filter>
    </ClCompile>
  </ItemGroup>
  <ItemGroup>
    <ClInclude Include="Protobuf\Status.pb.h">
      <Filter>Proto\Headers</Filter>
    </ClInclude>
    <ClInclude Include="Protobuf\NetworkInfo.pb.h">
      <Filter>Proto\Headers</Filter>
    </ClInclude>
    <ClInclude Include="Protobuf\File.pb.h">
      <Filter>Proto\Headers</Filter>
    </ClInclude>
    <ClInclude Include="Protobuf\Declare.pb.h">
      <Filter>Proto\Headers</Filter>
    </ClInclude>
    <ClInclude Include="Protobuf\Synchro_Master.pb.h">
      <Filter>Proto\Headers</Filter>
    </ClInclude>
    <ClInclude Include="Protobuf\Synchro_Slave.pb.h">
      <Filter>Proto\Headers</Filter>
    </ClInclude>
    <ClInclude Include="Protobuf\Result.pb.h">
      <Filter>Proto\Headers</Filter>
    </ClInclude>
    <ClInclude Include="Protobuf\Message_Slave.pb.h">
      <Filter>Proto\Headers</Filter>
    </ClInclude>
    <ClInclude Include="Protobuf\Message_Master.pb.h">
      <Filter>Proto\Headers</Filter>
    </ClInclude>
    <ClInclude Include="Protobuf\Broadcast.pb.h">
      <Filter>Proto\Headers</Filter>
    </ClInclude>
    <ClInclude Include="NetworkClient.h">
      <Filter>Headers\Slave</Filter>
    </ClInclude>
    <ClInclude Include="SlaveDisplay.h">
      <Filter>Headers\Slave</Filter>
    </ClInclude>
    <ClInclude Include="Version.h">
      <Filter>Headers\Base</Filter>
    </ClInclude>
    <ClInclude Include="NetworkSession.h">
      <Filter>Headers\Master</Filter>
    </ClInclude>
    <ClInclude Include="Network.h">
      <Filter>Headers\Master</Filter>
    </ClInclude>
    <ClInclude Include="Display.h">
      <Filter>Headers\Master</Filter>
    </ClInclude>
    <ClInclude Include="Protobuf_all.h">
      <Filter>Headers\Base</Filter>
    </ClInclude>
    <ClInclude Include="Error.h">
      <Filter>Headers\Base</Filter>
    </ClInclude>
    <ClInclude Include="BaseFileStatus.h">
      <Filter>Headers\Base</Filter>
    </ClInclude>
    <ClInclude Include="SlaveFileStatus.h">
      <Filter>Headers\Slave</Filter>
    </ClInclude>
    <ClInclude Include="BaseProcessingWorker.h">
      <Filter>Headers\Base</Filter>
    </ClInclude>
    <ClInclude Include="MasterProcessingWorker.h">
      <Filter>Headers\Master</Filter>
    </ClInclude>
    <ClInclude Include="OutputFlags.h">
      <Filter>Headers\Base</Filter>
    </ClInclude>
    <ClInclude Include="SlaveProcessingWorker.h">
      <Filter>Headers\Slave</Filter>
    </ClInclude>
    <ClInclude Include="MasterFileStatus.h">
      <Filter>Headers\Master</Filter>
    </ClInclude>
    <ClInclude Include="FileSum.h">
      <Filter>Headers\Base</Filter>
    </ClInclude>
    <ClInclude Include="Tesseract.h">
      <Filter>Headers\Ocr\Tesseract</Filter>
    </ClInclude>
    <ClInclude Include="BaseOcr.h">
      <Filter>Headers\Ocr</Filter>
    </ClInclude>
    <ClInclude Include="TesseractFactory.h">
      <Filter>Headers\Ocr\Tesseract</Filter>
    </ClInclude>
    <ClInclude Include="UninitializedOcrException.h">
      <Filter>Headers\Ocr</Filter>
    </ClInclude>
  </ItemGroup>
  <ItemGroup>
    <Filter Include="Headers">
      <UniqueIdentifier>{107d342e-d5d6-41bb-b6e7-6d2d694fb05b}</UniqueIdentifier>
    </Filter>
    <Filter Include="Source Code">
      <UniqueIdentifier>{5b17de6e-902d-4941-92c4-5fca9162e953}</UniqueIdentifier>
    </Filter>
    <Filter Include="Proto Source">
      <UniqueIdentifier>{5a8cd6a0-17e5-4455-9e06-8bb26956a848}</UniqueIdentifier>
    </Filter>
    <Filter Include="Proto">
      <UniqueIdentifier>{c1329eb8-988a-4b24-90e7-22c46278ab81}</UniqueIdentifier>
    </Filter>
    <Filter Include="Proto\Headers">
      <UniqueIdentifier>{c202e974-9809-4c1f-85c9-f0c0b1668383}</UniqueIdentifier>
    </Filter>
    <Filter Include="Proto Source\Master">
      <UniqueIdentifier>{e526c57f-27d7-4a35-9d62-bf8b5e856da3}</UniqueIdentifier>
    </Filter>
    <Filter Include="Proto Source\Slave">
      <UniqueIdentifier>{b38d33e7-d274-425e-9dc2-174b259eb253}</UniqueIdentifier>
    </Filter>
    <Filter Include="Headers\Slave">
      <UniqueIdentifier>{c4db08fa-92a5-4273-98d5-300f164a513c}</UniqueIdentifier>
    </Filter>
    <Filter Include="Source Code\Slave">
      <UniqueIdentifier>{9a0a2405-fbc2-4bfd-9f1b-1c16b8bf0545}</UniqueIdentifier>
    </Filter>
    <Filter Include="Headers\Base">
      <UniqueIdentifier>{88b9bf47-0ac4-49f1-96a5-9a6c34ddcbf7}</UniqueIdentifier>
    </Filter>
    <Filter Include="Source Code\Base">
      <UniqueIdentifier>{426a0a09-52aa-4b69-9aa1-3c713fb5da92}</UniqueIdentifier>
    </Filter>
    <Filter Include="Headers\Master">
      <UniqueIdentifier>{ef986018-f616-43f6-855c-8d5c9f496011}</UniqueIdentifier>
    </Filter>
    <Filter Include="Source Code\Master">
      <UniqueIdentifier>{6cefd9e5-4edd-4ee2-ba5d-36afdf25729b}</UniqueIdentifier>
    </Filter>
    <Filter Include="Headers\Ocr">
      <UniqueIdentifier>{720b02b6-f58b-4a27-b3ea-5ccc2b1ea7df}</UniqueIdentifier>
    </Filter>
    <Filter Include="Headers\Ocr\Tesseract">
      <UniqueIdentifier>{198cc9bb-0109-44af-9f70-2a6d64496a44}</UniqueIdentifier>
    </Filter>
    <Filter Include="Source Code\Ocr">
      <UniqueIdentifier>{f8a254dc-da06-4ae0-ad9a-0387658b3011}</UniqueIdentifier>
    </Filter>
    <Filter Include="Source Code\Ocr\Tesseract">
      <UniqueIdentifier>{96d7a578-5bef-47a4-8e83-6375502a4619}</UniqueIdentifier>
    </Filter>
  </ItemGroup>
  <ItemGroup>
    <None Include="Protobuf\Message_Slave.proto">
      <Filter>Proto Source\Slave</Filter>
    </None>
    <None Include="Protobuf\Synchro_Slave.proto">
      <Filter>Proto Source\Slave</Filter>
    </None>
    <None Include="Protobuf\Result.proto">
      <Filter>Proto Source\Slave</Filter>
    </None>
    <None Include="Protobuf\Message_Master.proto">
      <Filter>Proto Source\Master</Filter>
    </None>
    <None Include="Protobuf\Synchro_Master.proto">
      <Filter>Proto Source\Master</Filter>
    </None>
    <None Include="Protobuf\File.proto">
      <Filter>Proto Source\Master</Filter>
    </None>
    <None Include="Protobuf\NetworkInfo.proto">
      <Filter>Proto Source\Master</Filter>
    </None>
    <None Include="Protobuf\Declare.proto">
      <Filter>Proto Source\Slave</Filter>
    </None>
    <None Include="Protobuf\Status.proto">
      <Filter>Proto Source\Master</Filter>
    </None>
    <None Include="Protobuf\Broadcast.proto">
      <Filter>Proto Source\Slave</Filter>
    </None>
  </ItemGroup>
</Project>